
Microsoft Visual Studio Solution File, Format Version 12.00
# Visual Studio Version 17
VisualStudioVersion = 17.7.34031.279
MinimumVisualStudioVersion = 10.0.40219.1
Project("{9A19103F-16F7-4668-BE54-9A1E7A4F7556}") = "Lab_10", "Lab_10\Lab_10.csproj", "{E7F4CB73-62CD-4501-A535-A82F2DA433A8}"
EndProject
Project("{FAE04EC0-301F-11D3-BF4B-00C04F79EFBC}") = "Lb10", "Lb10\Lb10.csproj", "{239971F5-961A-4E4E-A8AA-55309503223F}"
EndProject
Global
	GlobalSection(SolutionConfigurationPlatforms) = preSolution
		Debug|Any CPU = Debug|Any CPU
		Release|Any CPU = Release|Any CPU
	EndGlobalSection
	GlobalSection(ProjectConfigurationPlatforms) = postSolution
		{E7F4CB73-62CD-4501-A535-A82F2DA433A8}.Debug|Any CPU.ActiveCfg = Debug|Any CPU
		{E7F4CB73-62CD-4501-A535-A82F2DA433A8}.Debug|Any CPU.Build.0 = Debug|Any CPU
		{E7F4CB73-62CD-4501-A535-A82F2DA433A8}.Release|Any CPU.ActiveCfg = Release|Any CPU
		{E7F4CB73-62CD-4501-A535-A82F2DA433A8}.Release|Any CPU.Build.0 = Release|Any CPU
		{239971F5-961A-4E4E-A8AA-55309503223F}.Debug|Any CPU.ActiveCfg = Debug|Any CPU
		{239971F5-961A-4E4E-A8AA-55309503223F}.Debug|Any CPU.Build.0 = Debug|Any CPU
		{239971F5-961A-4E4E-A8AA-55309503223F}.Release|Any CPU.ActiveCfg = Release|Any CPU
		{239971F5-961A-4E4E-A8AA-55309503223F}.Release|Any CPU.Build.0 = Release|Any CPU
	EndGlobalSection
	GlobalSection(SolutionProperties) = preSolution
		HideSolutionNode = FALSE
	EndGlobalSection
	GlobalSection(ExtensibilityGlobals) = postSolution
		SolutionGuid = {938C6D77-E3C2-44CF-AB9B-E40660F4F07E}
	EndGlobalSection
EndGlobal
