{
  "name": "m06_kad",
  "version": "1.0.0",
  "lockfileVersion": 3,
  "requires": true,
  "packages": {
    "": {
      "name": "m06_kad",
      "version": "1.0.0",
      "license": "ISC",
      "dependencies": {
        "m06_kad": "^1.0.0"
      }
    },
    "node_modules/m06_kad": {
      "version": "1.0.0",
      "resolved": "https://registry.npmjs.org/m06_kad/-/m06_kad-1.0.0.tgz",
      "integrity": "sha512-RtZyse64iRB4/OcvXHq5+HBc97QW8ZAsKZTe/2UVAMz2AL8rdCdCGqNTkkjA7CMKNNpMlBVRTvaaQMhA2GfCrg=="
    }
  }
}
